PODS:
  - Alamofire (5.9.1)
  - Moya (15.0.0):
    - Moya/Core (= 15.0.0)
  - Moya/Core (15.0.0):
    - Alamofire (~> 5.0)
  - SVProgressHUD (2.3.1):
    - SVProgressHUD/Core (= 2.3.1)
  - SVProgressHUD/Core (2.3.1)

DEPENDENCIES:
  - Moya
  - SVProgressHUD

SPEC REPOS:
  trunk:
    - Alamofire
    - Moya
    - SVProgressHUD

SPEC CHECKSUMS:
  Alamofire: f36a35757af4587d8e4f4bfa223ad10be2422b8c
  Moya: 138f0573e53411fb3dc17016add0b748dfbd78ee
  SVProgressHUD: 4837c74bdfe2e51e8821c397825996a8d7de6e22

PODFILE CHECKSUM: 45a26af2d3fcab0f98812a41e673d151e18b9204

COCOAPODS: 1.16.2
